{
  "name": "@horizon-protocol/perps-margin",
  "version": "0.0.1",
  "lockfileVersion": 2,
  "requires": true,
  "packages": {
    "": {
      "name": "@horizon-protocol/perps-margin",
      "version": "0.0.1",
      "devDependencies": {},
      "engines": {
        "node": ">=14.0.0"
      }
    }
  }
}
